
Microsoft Visual Studio Solution File, Format Version 12.00
# Visual Studio Version 16
VisualStudioVersion = 25.0.1703.4
MinimumVisualStudioVersion = 10.0.40219.1
Project("{FAE04EC0-301F-11D3-BF4B-00C04F79EFBC}") = "myNewBlazorServer", "myNewBlazorServer.csproj", "{2C8A0BF1-74F4-473E-BF9E-5613541E3FD2}"
EndProject
Global
	GlobalSection(SolutionConfigurationPlatforms) = preSolution
		Debug|Any CPU = Debug|Any CPU
		Release|Any CPU = Release|Any CPU
	EndGlobalSection
	GlobalSection(ProjectConfigurationPlatforms) = postSolution
		{2C8A0BF1-74F4-473E-BF9E-5613541E3FD2}.Debug|Any CPU.ActiveCfg = Debug|Any CPU
		{2C8A0BF1-74F4-473E-BF9E-5613541E3FD2}.Debug|Any CPU.Build.0 = Debug|Any CPU
		{2C8A0BF1-74F4-473E-BF9E-5613541E3FD2}.Release|Any CPU.ActiveCfg = Release|Any CPU
		{2C8A0BF1-74F4-473E-BF9E-5613541E3FD2}.Release|Any CPU.Build.0 = Release|Any CPU
	EndGlobalSection
	GlobalSection(SolutionProperties) = preSolution
		HideSolutionNode = FALSE
	EndGlobalSection
	GlobalSection(ExtensibilityGlobals) = postSolution
		SolutionGuid = {2302AAD4-41A3-48D9-94B4-4E6AA92A93A3}
	EndGlobalSection
EndGlobal
